// !$*UTF8*$!
{
	archiveVersion = 1;
	classes = {
	};
	objectVersion = 56;
	objects = {

/* Begin PBXBuildFile section */
		2C30C27E2963281C00B6D447 /* AppDelegate.swift in Sources */ = {isa = PBXBuildFile; fileRef = 2C30C27D2963281C00B6D447 /* AppDelegate.swift */; };
		2C30C2802963281C00B6D447 /* SceneDelegate.swift in Sources */ = {isa = PBXBuildFile; fileRef = 2C30C27F2963281C00B6D447 /* SceneDelegate.swift */; };
		2C30C2822963281C00B6D447 /* PhotoViewController.swift in Sources */ = {isa = PBXBuildFile; fileRef = 2C30C2812963281C00B6D447 /* PhotoViewController.swift */; };
		2C30C2882963281C00B6D447 /* UnsplashApp.xcdatamodeld in Sources */ = {isa = PBXBuildFile; fileRef = 2C30C2862963281C00B6D447 /* UnsplashApp.xcdatamodeld */; };
		2C30C28A2963281E00B6D447 /* Assets.xcassets in Resources */ = {isa = PBXBuildFile; fileRef = 2C30C2892963281E00B6D447 /* Assets.xcassets */; };
		2C30C28D2963281E00B6D447 /* LaunchScreen.storyboard in Resources */ = {isa = PBXBuildFile; fileRef = 2C30C28B2963281E00B6D447 /* LaunchScreen.storyboard */; };
		2C30C2952963296900B6D447 /* TabBarController.swift in Sources */ = {isa = PBXBuildFile; fileRef = 2C30C2942963296900B6D447 /* TabBarController.swift */; };
		2C30C297296330D100B6D447 /* PhotoCollectionViewCell.swift in Sources */ = {isa = PBXBuildFile; fileRef = 2C30C296296330D100B6D447 /* PhotoCollectionViewCell.swift */; };
		2C30C299296331E100B6D447 /* CustomLayout.swift in Sources */ = {isa = PBXBuildFile; fileRef = 2C30C298296331E100B6D447 /* CustomLayout.swift */; };
		2C30C29B296331FF00B6D447 /* Model.swift in Sources */ = {isa = PBXBuildFile; fileRef = 2C30C29A296331FF00B6D447 /* Model.swift */; };
		2C30C29F2963325200B6D447 /* Constant.swift in Sources */ = {isa = PBXBuildFile; fileRef = 2C30C29E2963325200B6D447 /* Constant.swift */; };
		2C30C2A32963772700B6D447 /* DetalesViewController.swift in Sources */ = {isa = PBXBuildFile; fileRef = 2C30C2A22963772700B6D447 /* DetalesViewController.swift */; };
		2C30C2A52963A09F00B6D447 /* FavoritesViewController.swift in Sources */ = {isa = PBXBuildFile; fileRef = 2C30C2A42963A09F00B6D447 /* FavoritesViewController.swift */; };
		2C30C2AF2963AA8700B6D447 /* TableViewCell.swift in Sources */ = {isa = PBXBuildFile; fileRef = 2C30C2AE2963AA8600B6D447 /* TableViewCell.swift */; };
		2C30C2B1296466B500B6D447 /* DetalesLikeViewController.swift in Sources */ = {isa = PBXBuildFile; fileRef = 2C30C2B0296466B500B6D447 /* DetalesLikeViewController.swift */; };
		8BB56BF614995B904155B519 /* Pods_UnsplashApp.framework in Frameworks */ = {isa = PBXBuildFile; fileRef = 7AC24449D8B247840DAB85A7 /* Pods_UnsplashApp.framework */; };
/* End PBXBuildFile section */

/* Begin PBXFileReference section */
		1682ED60F4D59F71D5C6447D /* Pods-UnsplashApp.release.xcconfig */ = {isa = PBXFileReference; includeInIndex = 1; lastKnownFileType = text.xcconfig; name = "Pods-UnsplashApp.release.xcconfig"; path = "Target Support Files/Pods-UnsplashApp/Pods-UnsplashApp.release.xcconfig"; sourceTree = "<group>"; };
		2C30C27A2963281C00B6D447 /* UnsplashApp.app */ = {isa = PBXFileReference; explicitFileType = wrapper.application; includeInIndex = 0; path = UnsplashApp.app; sourceTree = BUILT_PRODUCTS_DIR; };
		2C30C27D2963281C00B6D447 /* AppDelegate.swift */ = {isa = PBXFileReference; lastKnownFileType = sourcecode.swift; path = AppDelegate.swift; sourceTree = "<group>"; };
		2C30C27F2963281C00B6D447 /* SceneDelegate.swift */ = {isa = PBXFileReference; lastKnownFileType = sourcecode.swift; path = SceneDelegate.swift; sourceTree = "<group>"; };
		2C30C2812963281C00B6D447 /* PhotoViewController.swift */ = {isa = PBXFileReference; lastKnownFileType = sourcecode.swift; path = PhotoViewController.swift; sourceTree = "<group>"; };
		2C30C2872963281C00B6D447 /* UnsplashApp.xcdatamodel */ = {isa = PBXFileReference; lastKnownFileType = wrapper.xcdatamodel; path = UnsplashApp.xcdatamodel; sourceTree = "<group>"; };
		2C30C2892963281E00B6D447 /* Assets.xcassets */ = {isa = PBXFileReference; lastKnownFileType = folder.assetcatalog; path = Assets.xcassets; sourceTree = "<group>"; };
		2C30C28C2963281E00B6D447 /* Base */ = {isa = PBXFileReference; lastKnownFileType = file.storyboard; name = Base; path = Base.lproj/LaunchScreen.storyboard; sourceTree = "<group>"; };
		2C30C28E2963281E00B6D447 /* Info.plist */ = {isa = PBXFileReference; lastKnownFileType = text.plist.xml; path = Info.plist; sourceTree = "<group>"; };
		2C30C2942963296900B6D447 /* TabBarController.swift */ = {isa = PBXFileReference; lastKnownFileType = sourcecode.swift; path = TabBarController.swift; sourceTree = "<group>"; };
		2C30C296296330D100B6D447 /* PhotoCollectionViewCell.swift */ = {isa = PBXFileReference; lastKnownFileType = sourcecode.swift; path = PhotoCollectionViewCell.swift; sourceTree = "<group>"; };
		2C30C298296331E100B6D447 /* CustomLayout.swift */ = {isa = PBXFileReference; lastKnownFileType = sourcecode.swift; path = CustomLayout.swift; sourceTree = "<group>"; };
		2C30C29A296331FF00B6D447 /* Model.swift */ = {isa = PBXFileReference; lastKnownFileType = sourcecode.swift; path = Model.swift; sourceTree = "<group>"; };
		2C30C29E2963325200B6D447 /* Constant.swift */ = {isa = PBXFileReference; lastKnownFileType = sourcecode.swift; path = Constant.swift; sourceTree = "<group>"; };
		2C30C2A22963772700B6D447 /* DetalesViewController.swift */ = {isa = PBXFileReference; lastKnownFileType = sourcecode.swift; path = DetalesViewController.swift; sourceTree = "<group>"; };
		2C30C2A42963A09F00B6D447 /* FavoritesViewController.swift */ = {isa = PBXFileReference; lastKnownFileType = sourcecode.swift; path = FavoritesViewController.swift; sourceTree = "<group>"; };
		2C30C2AE2963AA8600B6D447 /* TableViewCell.swift */ = {isa = PBXFileReference; lastKnownFileType = sourcecode.swift; path = TableViewCell.swift; sourceTree = "<group>"; };
		2C30C2B0296466B500B6D447 /* DetalesLikeViewController.swift */ = {isa = PBXFileReference; lastKnownFileType = sourcecode.swift; path = DetalesLikeViewController.swift; sourceTree = "<group>"; };
		7AC24449D8B247840DAB85A7 /* Pods_UnsplashApp.framework */ = {isa = PBXFileReference; explicitFileType = wrapper.framework; includeInIndex = 0; path = Pods_UnsplashApp.framework; sourceTree = BUILT_PRODUCTS_DIR; };
		A501E165F5B1635B1536AA01 /* Pods-UnsplashApp.debug.xcconfig */ = {isa = PBXFileReference; includeInIndex = 1; lastKnownFileType = text.xcconfig; name = "Pods-UnsplashApp.debug.xcconfig"; path = "Target Support Files/Pods-UnsplashApp/Pods-UnsplashApp.debug.xcconfig"; sourceTree = "<group>"; };
/* End PBXFileReference section */

/* Begin PBXFrameworksBuildPhase section */
		2C30C2772963281C00B6D447 /* Frameworks */ = {
			isa = PBXFrameworksBuildPhase;
			buildActionMask = 2147483647;
			files = (
				8BB56BF614995B904155B519 /* Pods_UnsplashApp.framework in Frameworks */,
			);
			runOnlyForDeploymentPostprocessing = 0;
		};
/* End PBXFrameworksBuildPhase section */

/* Begin PBXGroup section */
		2C30C2712963281C00B6D447 = {
			isa = PBXGroup;
			children = (
				2C30C27C2963281C00B6D447 /* UnsplashApp */,
				2C30C27B2963281C00B6D447 /* Products */,
				EE13A8C41A79D5959232DDD4 /* Pods */,
				B1F022CFA864F97667858B8A /* Frameworks */,
			);
			sourceTree = "<group>";
		};
		2C30C27B2963281C00B6D447 /* Products */ = {
			isa = PBXGroup;
			children = (
				2C30C27A2963281C00B6D447 /* UnsplashApp.app */,
			);
			name = Products;
			sourceTree = "<group>";
		};
		2C30C27C2963281C00B6D447 /* UnsplashApp */ = {
			isa = PBXGroup;
			children = (
				2C30C2B92964982A00B6D447 /* Resourses */,
				2C30C2B8296497AF00B6D447 /* Sourses */,
				2C30C28E2963281E00B6D447 /* Info.plist */,
				2C30C2862963281C00B6D447 /* UnsplashApp.xcdatamodeld */,
			);
			path = UnsplashApp;
			sourceTree = "<group>";
		};
		2C30C2B22964963800B6D447 /* App */ = {
			isa = PBXGroup;
			children = (
				2C30C27F2963281C00B6D447 /* SceneDelegate.swift */,
				2C30C27D2963281C00B6D447 /* AppDelegate.swift */,
			);
			path = App;
			sourceTree = "<group>";
		};
		2C30C2B32964965700B6D447 /* Cells */ = {
			isa = PBXGroup;
			children = (
				2C30C2B62964976200B6D447 /* Layout */,
				2C30C296296330D100B6D447 /* PhotoCollectionViewCell.swift */,
				2C30C2AE2963AA8600B6D447 /* TableViewCell.swift */,
			);
			path = Cells;
			sourceTree = "<group>";
		};
		2C30C2B4296496EB00B6D447 /* Constants */ = {
			isa = PBXGroup;
			children = (
				2C30C29E2963325200B6D447 /* Constant.swift */,
			);
			path = Constants;
			sourceTree = "<group>";
		};
		2C30C2B52964972800B6D447 /* Model */ = {
			isa = PBXGroup;
			children = (
				2C30C29A296331FF00B6D447 /* Model.swift */,
			);
			path = Model;
			sourceTree = "<group>";
		};
		2C30C2B62964976200B6D447 /* Layout */ = {
			isa = PBXGroup;
			children = (
				2C30C298296331E100B6D447 /* CustomLayout.swift */,
			);
			path = Layout;
			sourceTree = "<group>";
		};
		2C30C2B72964977B00B6D447 /* Controllers */ = {
			isa = PBXGroup;
			children = (
				2C30C2812963281C00B6D447 /* PhotoViewController.swift */,
				2C30C2942963296900B6D447 /* TabBarController.swift */,
				2C30C2A22963772700B6D447 /* DetalesViewController.swift */,
				2C30C2A42963A09F00B6D447 /* FavoritesViewController.swift */,
				2C30C2B0296466B500B6D447 /* DetalesLikeViewController.swift */,
			);
			path = Controllers;
			sourceTree = "<group>";
		};
		2C30C2B8296497AF00B6D447 /* Sourses */ = {
			isa = PBXGroup;
			children = (
				2C30C2B22964963800B6D447 /* App */,
				2C30C2B4296496EB00B6D447 /* Constants */,
				2C30C2B32964965700B6D447 /* Cells */,
				2C30C2B52964972800B6D447 /* Model */,
				2C30C2B72964977B00B6D447 /* Controllers */,
			);
			path = Sourses;
			sourceTree = "<group>";
		};
		2C30C2B92964982A00B6D447 /* Resourses */ = {
			isa = PBXGroup;
			children = (
				2C30C2892963281E00B6D447 /* Assets.xcassets */,
				2C30C28B2963281E00B6D447 /* LaunchScreen.storyboard */,
			);
			path = Resourses;
			sourceTree = "<group>";
		};
		B1F022CFA864F97667858B8A /* Frameworks */ = {
			isa = PBXGroup;
			children = (
				7AC24449D8B247840DAB85A7 /* Pods_UnsplashApp.framework */,
			);
			name = Frameworks;
			sourceTree = "<group>";
		};
		EE13A8C41A79D5959232DDD4 /* Pods */ = {
			isa = PBXGroup;
			children = (
				A501E165F5B1635B1536AA01 /* Pods-UnsplashApp.debug.xcconfig */,
				1682ED60F4D59F71D5C6447D /* Pods-UnsplashApp.release.xcconfig */,
			);
			path = Pods;
			sourceTree = "<group>";
		};
/* End PBXGroup section */

/* Begin PBXNativeTarget section */
		2C30C2792963281C00B6D447 /* UnsplashApp */ = {
			isa = PBXNativeTarget;
			buildConfigurationList = 2C30C2912963281E00B6D447 /* Build configuration list for PBXNativeTarget "UnsplashApp" */;
			buildPhases = (
				34ED02D5C4A2C40DD30BB379 /* [CP] Check Pods Manifest.lock */,
				2C30C2762963281C00B6D447 /* Sources */,
				2C30C2772963281C00B6D447 /* Frameworks */,
				2C30C2782963281C00B6D447 /* Resources */,
				46617D8F28171F6152188345 /* [CP] Embed Pods Frameworks */,
			);
			buildRules = (
			);
			dependencies = (
			);
			name = UnsplashApp;
			productName = UnsplashApp;
			productReference = 2C30C27A2963281C00B6D447 /* UnsplashApp.app */;
			productType = "com.apple.product-type.application";
		};
/* End PBXNativeTarget section */

/* Begin PBXProject section */
		2C30C2722963281C00B6D447 /* Project object */ = {
			isa = PBXProject;
			attributes = {
				BuildIndependentTargetsInParallel = 1;
				LastSwiftUpdateCheck = 1420;
				LastUpgradeCheck = 1420;
				TargetAttributes = {
					2C30C2792963281C00B6D447 = {
						CreatedOnToolsVersion = 14.2;
					};
				};
			};
			buildConfigurationList = 2C30C2752963281C00B6D447 /* Build configuration list for PBXProject "UnsplashApp" */;
			compatibilityVersion = "Xcode 14.0";
			developmentRegion = en;
			hasScannedForEncodings = 0;
			knownRegions = (
				en,
				Base,
			);
			mainGroup = 2C30C2712963281C00B6D447;
			productRefGroup = 2C30C27B2963281C00B6D447 /* Products */;
			projectDirPath = "";
			projectRoot = "";
			targets = (
				2C30C2792963281C00B6D447 /* UnsplashApp */,
			);
		};
/* End PBXProject section */

/* Begin PBXResourcesBuildPhase section */
		2C30C2782963281C00B6D447 /* Resources */ = {
			isa = PBXResourcesBuildPhase;
			buildActionMask = 2147483647;
			files = (
				2C30C28D2963281E00B6D447 /* LaunchScreen.storyboard in Resources */,
				2C30C28A2963281E00B6D447 /* Assets.xcassets in Resources */,
			);
			runOnlyForDeploymentPostprocessing = 0;
		};
/* End PBXResourcesBuildPhase section */

/* Begin PBXShellScriptBuildPhase section */
		34ED02D5C4A2C40DD30BB379 /* [CP] Check Pods Manifest.lock */ = {
			isa = PBXShellScriptBuildPhase;
			buildActionMask = 2147483647;
			files = (
			);
			inputFileListPaths = (
			);
			inputPaths = (
				"${PODS_PODFILE_DIR_PATH}/Podfile.lock",
				"${PODS_ROOT}/Manifest.lock",
			);
			name = "[CP] Check Pods Manifest.lock";
			outputFileListPaths = (
			);
			outputPaths = (
				"$(DERIVED_FILE_DIR)/Pods-UnsplashApp-checkManifestLockResult.txt",
			);
			runOnlyForDeploymentPostprocessing = 0;
			shellPath = /bin/sh;
			shellScript = "diff \"${PODS_PODFILE_DIR_PATH}/Podfile.lock\" \"${PODS_ROOT}/Manifest.lock\" > /dev/null\nif [ $? != 0 ] ; then\n    # print error to STDERR\n    echo \"error: The sandbox is not in sync with the Podfile.lock. Run 'pod install' or update your CocoaPods installation.\" >&2\n    exit 1\nfi\n# This output is used by Xcode 'outputs' to avoid re-running this script phase.\necho \"SUCCESS\" > \"${SCRIPT_OUTPUT_FILE_0}\"\n";
			showEnvVarsInLog = 0;
		};
		46617D8F28171F6152188345 /* [CP] Embed Pods Frameworks */ = {
			isa = PBXShellScriptBuildPhase;
			buildActionMask = 2147483647;
			files = (
			);
			inputFileListPaths = (
				"${PODS_ROOT}/Target Support Files/Pods-UnsplashApp/Pods-UnsplashApp-frameworks-${CONFIGURATION}-input-files.xcfilelist",
			);
			name = "[CP] Embed Pods Frameworks";
			outputFileListPaths = (
				"${PODS_ROOT}/Target Support Files/Pods-UnsplashApp/Pods-UnsplashApp-frameworks-${CONFIGURATION}-output-files.xcfilelist",
			);
			runOnlyForDeploymentPostprocessing = 0;
			shellPath = /bin/sh;
			shellScript = "\"${PODS_ROOT}/Target Support Files/Pods-UnsplashApp/Pods-UnsplashApp-frameworks.sh\"\n";
			showEnvVarsInLog = 0;
		};
/* End PBXShellScriptBuildPhase section */

/* Begin PBXSourcesBuildPhase section */
		2C30C2762963281C00B6D447 /* Sources */ = {
			isa = PBXSourcesBuildPhase;
			buildActionMask = 2147483647;
			files = (
				2C30C2822963281C00B6D447 /* PhotoViewController.swift in Sources */,
				2C30C299296331E100B6D447 /* CustomLayout.swift in Sources */,
				2C30C27E2963281C00B6D447 /* AppDelegate.swift in Sources */,
				2C30C2B1296466B500B6D447 /* DetalesLikeViewController.swift in Sources */,
				2C30C2802963281C00B6D447 /* SceneDelegate.swift in Sources */,
				2C30C2952963296900B6D447 /* TabBarController.swift in Sources */,
				2C30C2882963281C00B6D447 /* UnsplashApp.xcdatamodeld in Sources */,
				2C30C2A52963A09F00B6D447 /* FavoritesViewController.swift in Sources */,
				2C30C29F2963325200B6D447 /* Constant.swift in Sources */,
				2C30C2A32963772700B6D447 /* DetalesViewController.swift in Sources */,
				2C30C2AF2963AA8700B6D447 /* TableViewCell.swift in Sources */,
				2C30C297296330D100B6D447 /* PhotoCollectionViewCell.swift in Sources */,
				2C30C29B296331FF00B6D447 /* Model.swift in Sources */,
			);
			runOnlyForDeploymentPostprocessing = 0;
		};
/* End PBXSourcesBuildPhase section */

/* Begin PBXVariantGroup section */
		2C30C28B2963281E00B6D447 /* LaunchScreen.storyboard */ = {
			isa = PBXVariantGroup;
			children = (
				2C30C28C2963281E00B6D447 /* Base */,
			);
			name = LaunchScreen.storyboard;
			sourceTree = "<group>";
		};
/* End PBXVariantGroup section */

/* Begin XCBuildConfiguration section */
		2C30C28F2963281E00B6D447 /* Debug */ = {
			isa = XCBuildConfiguration;
			buildSettings = {
				ALWAYS_SEARCH_USER_PATHS = NO;
				CLANG_ANALYZER_NONNULL = YES;
				CLANG_ANALYZER_NUMBER_OBJECT_CONVERSION = YES_AGGRESSIVE;
				CLANG_CXX_LANGUAGE_STANDARD = "gnu++20";
				CLANG_ENABLE_MODULES = YES;
				CLANG_ENABLE_OBJC_ARC = YES;
				CLANG_ENABLE_OBJC_WEAK = YES;
				CLANG_WARN_BLOCK_CAPTURE_AUTORELEASING = YES;
				CLANG_WARN_BOOL_CONVERSION = YES;
				CLANG_WARN_COMMA = YES;
				CLANG_WARN_CONSTANT_CONVERSION = YES;
				CLANG_WARN_DEPRECATED_OBJC_IMPLEMENTATIONS = YES;
				CLANG_WARN_DIRECT_OBJC_ISA_USAGE = YES_ERROR;
				CLANG_WARN_DOCUMENTATION_COMMENTS = YES;
				CLANG_WARN_EMPTY_BODY = YES;
				CLANG_WARN_ENUM_CONVERSION = YES;
				CLANG_WARN_INFINITE_RECURSION = YES;
				CLANG_WARN_INT_CONVERSION = YES;
				CLANG_WARN_NON_LITERAL_NULL_CONVERSION = YES;
				CLANG_WARN_OBJC_IMPLICIT_RETAIN_SELF = YES;
				CLANG_WARN_OBJC_LITERAL_CONVERSION = YES;
				CLANG_WARN_OBJC_ROOT_CLASS = YES_ERROR;
				CLANG_WARN_QUOTED_INCLUDE_IN_FRAMEWORK_HEADER = YES;
				CLANG_WARN_RANGE_LOOP_ANALYSIS = YES;
				CLANG_WARN_STRICT_PROTOTYPES = YES;
				CLANG_WARN_SUSPICIOUS_MOVE = YES;
				CLANG_WARN_UNGUARDED_AVAILABILITY = YES_AGGRESSIVE;
				CLANG_WARN_UNREACHABLE_CODE = YES;
				CLANG_WARN__DUPLICATE_METHOD_MATCH = YES;
				COPY_PHASE_STRIP = NO;
				DEBUG_INFORMATION_FORMAT = dwarf;
				ENABLE_STRICT_OBJC_MSGSEND = YES;
				ENABLE_TESTABILITY = YES;
				GCC_C_LANGUAGE_STANDARD = gnu11;
				GCC_DYNAMIC_NO_PIC = NO;
				GCC_NO_COMMON_BLOCKS = YES;
				GCC_OPTIMIZATION_LEVEL = 0;
				GCC_PREPROCESSOR_DEFINITIONS = (
					"DEBUG=1",
					"$(inherited)",
				);
				GCC_WARN_64_TO_32_BIT_CONVERSION = YES;
				GCC_WARN_ABOUT_RETURN_TYPE = YES_ERROR;
				GCC_WARN_UNDECLARED_SELECTOR = YES;
				GCC_WARN_UNINITIALIZED_AUTOS = YES_AGGRESSIVE;
				GCC_WARN_UNUSED_FUNCTION = YES;
				GCC_WARN_UNUSED_VARIABLE = YES;
				IPHONEOS_DEPLOYMENT_TARGET = 16.2;
				MTL_ENABLE_DEBUG_INFO = INCLUDE_SOURCE;
				MTL_FAST_MATH = YES;
				ONLY_ACTIVE_ARCH = YES;
				SDKROOT = iphoneos;
				SWIFT_ACTIVE_COMPILATION_CONDITIONS = DEBUG;
				SWIFT_OPTIMIZATION_LEVEL = "-Onone";
			};
			name = Debug;
		};
		2C30C2902963281E00B6D447 /* Release */ = {
			isa = XCBuildConfiguration;
			buildSettings = {
				ALWAYS_SEARCH_USER_PATHS = NO;
				CLANG_ANALYZER_NONNULL = YES;
				CLANG_ANALYZER_NUMBER_OBJECT_CONVERSION = YES_AGGRESSIVE;
				CLANG_CXX_LANGUAGE_STANDARD = "gnu++20";
				CLANG_ENABLE_MODULES = YES;
				CLANG_ENABLE_OBJC_ARC = YES;
				CLANG_ENABLE_OBJC_WEAK = YES;
				CLANG_WARN_BLOCK_CAPTURE_AUTORELEASING = YES;
				CLANG_WARN_BOOL_CONVERSION = YES;
				CLANG_WARN_COMMA = YES;
				CLANG_WARN_CONSTANT_CONVERSION = YES;
				CLANG_WARN_DEPRECATED_OBJC_IMPLEMENTATIONS = YES;
				CLANG_WARN_DIRECT_OBJC_ISA_USAGE = YES_ERROR;
				CLANG_WARN_DOCUMENTATION_COMMENTS = YES;
				CLANG_WARN_EMPTY_BODY = YES;
				CLANG_WARN_ENUM_CONVERSION = YES;
				CLANG_WARN_INFINITE_RECURSION = YES;
				CLANG_WARN_INT_CONVERSION = YES;
				CLANG_WARN_NON_LITERAL_NULL_CONVERSION = YES;
				CLANG_WARN_OBJC_IMPLICIT_RETAIN_SELF = YES;
				CLANG_WARN_OBJC_LITERAL_CONVERSION = YES;
				CLANG_WARN_OBJC_ROOT_CLASS = YES_ERROR;
				CLANG_WARN_QUOTED_INCLUDE_IN_FRAMEWORK_HEADER = YES;
				CLANG_WARN_RANGE_LOOP_ANALYSIS = YES;
				CLANG_WARN_STRICT_PROTOTYPES = YES;
				CLANG_WARN_SUSPICIOUS_MOVE = YES;
				CLANG_WARN_UNGUARDED_AVAILABILITY = YES_AGGRESSIVE;
				CLANG_WARN_UNREACHABLE_CODE = YES;
				CLANG_WARN__DUPLICATE_METHOD_MATCH = YES;
				COPY_PHASE_STRIP = NO;
				DEBUG_INFORMATION_FORMAT = "dwarf-with-dsym";
				ENABLE_NS_ASSERTIONS = NO;
				ENABLE_STRICT_OBJC_MSGSEND = YES;
				GCC_C_LANGUAGE_STANDARD = gnu11;
				GCC_NO_COMMON_BLOCKS = YES;
				GCC_WARN_64_TO_32_BIT_CONVERSION = YES;
				GCC_WARN_ABOUT_RETURN_TYPE = YES_ERROR;
				GCC_WARN_UNDECLARED_SELECTOR = YES;
				GCC_WARN_UNINITIALIZED_AUTOS = YES_AGGRESSIVE;
				GCC_WARN_UNUSED_FUNCTION = YES;
				GCC_WARN_UNUSED_VARIABLE = YES;
				IPHONEOS_DEPLOYMENT_TARGET = 16.2;
				MTL_ENABLE_DEBUG_INFO = NO;
				MTL_FAST_MATH = YES;
				SDKROOT = iphoneos;
				SWIFT_COMPILATION_MODE = wholemodule;
				SWIFT_OPTIMIZATION_LEVEL = "-O";
				VALIDATE_PRODUCT = YES;
			};
			name = Release;
		};
		2C30C2922963281E00B6D447 /* Debug */ = {
			isa = XCBuildConfiguration;
			baseConfigurationReference = A501E165F5B1635B1536AA01 /* Pods-UnsplashApp.debug.xcconfig */;
			buildSettings = {
				ASSETCATALOG_COMPILER_APPICON_NAME = AppIcon;
				ASSETCATALOG_COMPILER_GLOBAL_ACCENT_COLOR_NAME = AccentColor;
				CODE_SIGN_STYLE = Automatic;
				CURRENT_PROJECT_VERSION = 1;
				DEVELOPMENT_TEAM = LB62AQUMSB;
				GENERATE_INFOPLIST_FILE = YES;
				INFOPLIST_FILE = UnsplashApp/Info.plist;
				INFOPLIST_KEY_CFBundleDisplayName = UnsplashApp;
				INFOPLIST_KEY_LSApplicationCategoryType = "public.app-category.photography";
				INFOPLIST_KEY_UIApplicationSupportsIndirectInputEvents = YES;
				INFOPLIST_KEY_UILaunchStoryboardName = LaunchScreen;
				INFOPLIST_KEY_UIMainStoryboardFile = "";
				INFOPLIST_KEY_UIStatusBarStyle = "";
				INFOPLIST_KEY_UISupportedInterfaceOrientations = UIInterfaceOrientationPortrait;
				INFOPLIST_KEY_UISupportedInterfaceOrientations_iPad = "UIInterfaceOrientationLandscapeLeft UIInterfaceOrientationLandscapeRight UIInterfaceOrientationPortrait UIInterfaceOrientationPortraitUpsideDown";
				IPHONEOS_DEPLOYMENT_TARGET = 15.4;
				LD_RUNPATH_SEARCH_PATHS = (
					"$(inherited)",
					"@executable_path/Frameworks",
				);
				MARKETING_VERSION = 1.0;
				PRODUCT_BUNDLE_IDENTIFIER = com.nurkovyan.Unsplash.UnsplashApp;
				PRODUCT_NAME = "$(TARGET_NAME)";
				SUPPORTED_PLATFORMS = "iphoneos iphonesimulator";
				SUPPORTS_MACCATALYST = NO;
				SUPPORTS_MAC_DESIGNED_FOR_IPHONE_IPAD = NO;
				SWIFT_EMIT_LOC_STRINGS = YES;
				SWIFT_VERSION = 5.0;
				TARGETED_DEVICE_FAMILY = 1;
			};
			name = Debug;
		};
		2C30C2932963281E00B6D447 /* Release */ = {
			isa = XCBuildConfiguration;
			baseConfigurationReference = 1682ED60F4D59F71D5C6447D /* Pods-UnsplashApp.release.xcconfig */;
			buildSettings = {
				ASSETCATALOG_COMPILER_APPICON_NAME = AppIcon;
				ASSETCATALOG_COMPILER_GLOBAL_ACCENT_COLOR_NAME = AccentColor;
				CODE_SIGN_STYLE = Automatic;
				CURRENT_PROJECT_VERSION = 1;
				DEVELOPMENT_TEAM = LB62AQUMSB;
				GENERATE_INFOPLIST_FILE = YES;
				INFOPLIST_FILE = UnsplashApp/Info.plist;
				INFOPLIST_KEY_CFBundleDisplayName = UnsplashApp;
				INFOPLIST_KEY_LSApplicationCategoryType = "public.app-category.photography";
				INFOPLIST_KEY_UIApplicationSupportsIndirectInputEvents = YES;
				INFOPLIST_KEY_UILaunchStoryboardName = LaunchScreen;
				INFOPLIST_KEY_UIMainStoryboardFile = "";
				INFOPLIST_KEY_UIStatusBarStyle = "";
				INFOPLIST_KEY_UISupportedInterfaceOrientations = UIInterfaceOrientationPortrait;
				INFOPLIST_KEY_UISupportedInterfaceOrientations_iPad = "UIInterfaceOrientationLandscapeLeft UIInterfaceOrientationLandscapeRight UIInterfaceOrientationPortrait UIInterfaceOrientationPortraitUpsideDown";
				IPHONEOS_DEPLOYMENT_TARGET = 15.4;
				LD_RUNPATH_SEARCH_PATHS = (
					"$(inherited)",
					"@executable_path/Frameworks",
				);
				MARKETING_VERSION = 1.0;
				PRODUCT_BUNDLE_IDENTIFIER = com.nurkovyan.Unsplash.UnsplashApp;
				PRODUCT_NAME = "$(TARGET_NAME)";
				SUPPORTED_PLATFORMS = "iphoneos iphonesimulator";
				SUPPORTS_MACCATALYST = NO;
				SUPPORTS_MAC_DESIGNED_FOR_IPHONE_IPAD = NO;
				SWIFT_EMIT_LOC_STRINGS = YES;
				SWIFT_VERSION = 5.0;
				TARGETED_DEVICE_FAMILY = 1;
			};
			name = Release;
		};
/* End XCBuildConfiguration section */

/* Begin XCConfigurationList section */
		2C30C2752963281C00B6D447 /* Build configuration list for PBXProject "UnsplashApp" */ = {
			isa = XCConfigurationList;
			buildConfigurations = (
				2C30C28F2963281E00B6D447 /* Debug */,
				2C30C2902963281E00B6D447 /* Release */,
			);
			defaultConfigurationIsVisible = 0;
			defaultConfigurationName = Release;
		};
		2C30C2912963281E00B6D447 /* Build configuration list for PBXNativeTarget "UnsplashApp" */ = {
			isa = XCConfigurationList;
			buildConfigurations = (
				2C30C2922963281E00B6D447 /* Debug */,
				2C30C2932963281E00B6D447 /* Release */,
			);
			defaultConfigurationIsVisible = 0;
			defaultConfigurationName = Release;
		};
/* End XCConfigurationList section */

/* Begin XCVersionGroup section */
		2C30C2862963281C00B6D447 /* UnsplashApp.xcdatamodeld */ = {
			isa = XCVersionGroup;
			children = (
				2C30C2872963281C00B6D447 /* UnsplashApp.xcdatamodel */,
			);
			currentVersion = 2C30C2872963281C00B6D447 /* UnsplashApp.xcdatamodel */;
			path = UnsplashApp.xcdatamodeld;
			sourceTree = "<group>";
			versionGroupType = wrapper.xcdatamodel;
		};
/* End XCVersionGroup section */
	};
	rootObject = 2C30C2722963281C00B6D447 /* Project object */;
}
